
Microsoft Visual Studio Solution File, Format Version 12.00
# Visual Studio Version 16
VisualStudioVersion = 16.0.31025.194
MinimumVisualStudioVersion = 10.0.40219.1
Project("{FAE04EC0-301F-11D3-BF4B-00C04F79EFBC}") = "election-UI", "election-UI.csproj", "{75795263-598A-4853-B7BF-8AA5EEED446A}"
EndProject
Project("{FAE04EC0-301F-11D3-BF4B-00C04F79EFBC}") = "election-DLL", "..\election-DLL\election-DLL.csproj", "{3894E675-D5C5-4780-BBEE-D96A9B05AC9F}"
EndProject
Global
	GlobalSection(SolutionConfigurationPlatforms) = preSolution
		Debug|Any CPU = Debug|Any CPU
		Release|Any CPU = Release|Any CPU
	EndGlobalSection
	GlobalSection(ProjectConfigurationPlatforms) = postSolution
		{75795263-598A-4853-B7BF-8AA5EEED446A}.Debug|Any CPU.ActiveCfg = Debug|Any CPU
		{75795263-598A-4853-B7BF-8AA5EEED446A}.Debug|Any CPU.Build.0 = Debug|Any CPU
		{75795263-598A-4853-B7BF-8AA5EEED446A}.Release|Any CPU.ActiveCfg = Release|Any CPU
		{75795263-598A-4853-B7BF-8AA5EEED446A}.Release|Any CPU.Build.0 = Release|Any CPU
		{3894E675-D5C5-4780-BBEE-D96A9B05AC9F}.Debug|Any CPU.ActiveCfg = Debug|Any CPU
		{3894E675-D5C5-4780-BBEE-D96A9B05AC9F}.Debug|Any CPU.Build.0 = Debug|Any CPU
		{3894E675-D5C5-4780-BBEE-D96A9B05AC9F}.Release|Any CPU.ActiveCfg = Release|Any CPU
		{3894E675-D5C5-4780-BBEE-D96A9B05AC9F}.Release|Any CPU.Build.0 = Release|Any CPU
	EndGlobalSection
	GlobalSection(SolutionProperties) = preSolution
		HideSolutionNode = FALSE
	EndGlobalSection
	GlobalSection(ExtensibilityGlobals) = postSolution
		SolutionGuid = {80E8C2F7-99EC-404F-90B5-66C15BAA7EB7}
	EndGlobalSection
EndGlobal
